
Microsoft Visual Studio Solution File, Format Version 12.00
# Visual Studio Version 17
VisualStudioVersion = 17.14.36518.9
MinimumVisualStudioVersion = 10.0.40219.1
Project("{FAE04EC0-301F-11D3-BF4B-00C04F79EFBC}") = "BlogChallenge.API", "BlogChallenge.API\BlogChallenge.API.csproj", "{AE0DF01F-504C-45EB-BFEB-38596F09E554}"
EndProject
Project("{FAE04EC0-301F-11D3-BF4B-00C04F79EFBC}") = "BlogChallenge.Domain", "BlogChallenge.Domain\BlogChallenge.Domain.csproj", "{3006ED21-F315-425F-BCD1-5170362EEF6F}"
EndProject
Project("{FAE04EC0-301F-11D3-BF4B-00C04F79EFBC}") = "BlogChallenge.DAL", "BlogChallenge.DAL\BlogChallenge.DAL.csproj", "{258B80FD-4BBA-47ED-A603-67CF98365E67}"
EndProject
Project("{FAE04EC0-301F-11D3-BF4B-00C04F79EFBC}") = "BlogChallenge.Service", "BlogChallenge.Service\BlogChallenge.Service.csproj", "{7A3E9FCE-39F6-40D4-AF8A-3449442BE0A2}"
EndProject
Project("{2150E333-8FDC-42A3-9474-1A3956D46DE8}") = "Tests", "Tests", "{02EA681E-C7D8-13C7-8484-4AC65E1B71E8}"
EndProject
Project("{FAE04EC0-301F-11D3-BF4B-00C04F79EFBC}") = "BlogChallenge.Service.Tests", "BlogChallenge.Service.Tests\BlogChallenge.Service.Tests.csproj", "{51F4A612-C13B-4766-8194-E39DE8F7B333}"
EndProject
Global
	GlobalSection(SolutionConfigurationPlatforms) = preSolution
		Debug|Any CPU = Debug|Any CPU
		Release|Any CPU = Release|Any CPU
	EndGlobalSection
	GlobalSection(ProjectConfigurationPlatforms) = postSolution
		{AE0DF01F-504C-45EB-BFEB-38596F09E554}.Debug|Any CPU.ActiveCfg = Debug|Any CPU
		{AE0DF01F-504C-45EB-BFEB-38596F09E554}.Debug|Any CPU.Build.0 = Debug|Any CPU
		{AE0DF01F-504C-45EB-BFEB-38596F09E554}.Release|Any CPU.ActiveCfg = Release|Any CPU
		{AE0DF01F-504C-45EB-BFEB-38596F09E554}.Release|Any CPU.Build.0 = Release|Any CPU
		{3006ED21-F315-425F-BCD1-5170362EEF6F}.Debug|Any CPU.ActiveCfg = Debug|Any CPU
		{3006ED21-F315-425F-BCD1-5170362EEF6F}.Debug|Any CPU.Build.0 = Debug|Any CPU
		{3006ED21-F315-425F-BCD1-5170362EEF6F}.Release|Any CPU.ActiveCfg = Release|Any CPU
		{3006ED21-F315-425F-BCD1-5170362EEF6F}.Release|Any CPU.Build.0 = Release|Any CPU
		{258B80FD-4BBA-47ED-A603-67CF98365E67}.Debug|Any CPU.ActiveCfg = Debug|Any CPU
		{258B80FD-4BBA-47ED-A603-67CF98365E67}.Debug|Any CPU.Build.0 = Debug|Any CPU
		{258B80FD-4BBA-47ED-A603-67CF98365E67}.Release|Any CPU.ActiveCfg = Release|Any CPU
		{258B80FD-4BBA-47ED-A603-67CF98365E67}.Release|Any CPU.Build.0 = Release|Any CPU
		{7A3E9FCE-39F6-40D4-AF8A-3449442BE0A2}.Debug|Any CPU.ActiveCfg = Debug|Any CPU
		{7A3E9FCE-39F6-40D4-AF8A-3449442BE0A2}.Debug|Any CPU.Build.0 = Debug|Any CPU
		{7A3E9FCE-39F6-40D4-AF8A-3449442BE0A2}.Release|Any CPU.ActiveCfg = Release|Any CPU
		{7A3E9FCE-39F6-40D4-AF8A-3449442BE0A2}.Release|Any CPU.Build.0 = Release|Any CPU
		{51F4A612-C13B-4766-8194-E39DE8F7B333}.Debug|Any CPU.ActiveCfg = Debug|Any CPU
		{51F4A612-C13B-4766-8194-E39DE8F7B333}.Debug|Any CPU.Build.0 = Debug|Any CPU
		{51F4A612-C13B-4766-8194-E39DE8F7B333}.Release|Any CPU.ActiveCfg = Release|Any CPU
		{51F4A612-C13B-4766-8194-E39DE8F7B333}.Release|Any CPU.Build.0 = Release|Any CPU
	EndGlobalSection
	GlobalSection(SolutionProperties) = preSolution
		HideSolutionNode = FALSE
	EndGlobalSection
	GlobalSection(NestedProjects) = preSolution
		{51F4A612-C13B-4766-8194-E39DE8F7B333} = {02EA681E-C7D8-13C7-8484-4AC65E1B71E8}
	EndGlobalSection
	GlobalSection(ExtensibilityGlobals) = postSolution
		SolutionGuid = {6ECF9FCF-DA2B-4CEC-B68E-D4655447B155}
	EndGlobalSection
EndGlobal
